
Microsoft Visual Studio Solution File, Format Version 12.00
# Visual Studio Express 2013 for Windows Desktop
VisualStudioVersion = 12.0.30723.0
MinimumVisualStudioVersion = 10.0.40219.1
Project("{FAE04EC0-301F-11D3-BF4B-00C04F79EFBC}") = "GebatWin", "GebatWin\GebatWin.csproj", "{C1835789-9435-45FE-B79F-80C54415D6B7}"
EndProject
Project("{FAE04EC0-301F-11D3-BF4B-00C04F79EFBC}") = "Cripto", "Cripto\Cripto.csproj", "{37AAF946-9896-4BDA-BAA8-EE3763627C7B}"
EndProject
Project("{FAE04EC0-301F-11D3-BF4B-00C04F79EFBC}") = "CriptoUnitTest", "CriptoUnitTest\CriptoUnitTest.csproj", "{CBE7519A-8596-46E5-A9AA-24E2C60E2B3C}"
EndProject
Project("{FAE04EC0-301F-11D3-BF4B-00C04F79EFBC}") = "FormEncriptador", "FormEncriptador\FormEncriptador.csproj", "{C7D66774-CDFE-497F-81D1-B875398A2605}"
EndProject
Project("{FAE04EC0-301F-11D3-BF4B-00C04F79EFBC}") = "GebatModel", "GebatModel\GebatModel.csproj", "{A1DEEAF4-7757-4701-B465-612AF65EB7BF}"
EndProject
Project("{FAE04EC0-301F-11D3-BF4B-00C04F79EFBC}") = "GebatModelTest", "GebatModelTest\GebatModelTest.csproj", "{25731645-01EE-4C12-A0C7-7DA93728D93E}"
EndProject
Global
	GlobalSection(SolutionConfigurationPlatforms) = preSolution
		Debug|Any CPU = Debug|Any CPU
		Release|Any CPU = Release|Any CPU
	EndGlobalSection
	GlobalSection(ProjectConfigurationPlatforms) = postSolution
		{C1835789-9435-45FE-B79F-80C54415D6B7}.Debug|Any CPU.ActiveCfg = Debug|Any CPU
		{C1835789-9435-45FE-B79F-80C54415D6B7}.Debug|Any CPU.Build.0 = Debug|Any CPU
		{C1835789-9435-45FE-B79F-80C54415D6B7}.Release|Any CPU.ActiveCfg = Release|Any CPU
		{C1835789-9435-45FE-B79F-80C54415D6B7}.Release|Any CPU.Build.0 = Release|Any CPU
		{37AAF946-9896-4BDA-BAA8-EE3763627C7B}.Debug|Any CPU.ActiveCfg = Debug|Any CPU
		{37AAF946-9896-4BDA-BAA8-EE3763627C7B}.Debug|Any CPU.Build.0 = Debug|Any CPU
		{37AAF946-9896-4BDA-BAA8-EE3763627C7B}.Release|Any CPU.ActiveCfg = Release|Any CPU
		{37AAF946-9896-4BDA-BAA8-EE3763627C7B}.Release|Any CPU.Build.0 = Release|Any CPU
		{CBE7519A-8596-46E5-A9AA-24E2C60E2B3C}.Debug|Any CPU.ActiveCfg = Debug|Any CPU
		{CBE7519A-8596-46E5-A9AA-24E2C60E2B3C}.Debug|Any CPU.Build.0 = Debug|Any CPU
		{CBE7519A-8596-46E5-A9AA-24E2C60E2B3C}.Release|Any CPU.ActiveCfg = Release|Any CPU
		{CBE7519A-8596-46E5-A9AA-24E2C60E2B3C}.Release|Any CPU.Build.0 = Release|Any CPU
		{C7D66774-CDFE-497F-81D1-B875398A2605}.Debug|Any CPU.ActiveCfg = Debug|Any CPU
		{C7D66774-CDFE-497F-81D1-B875398A2605}.Debug|Any CPU.Build.0 = Debug|Any CPU
		{C7D66774-CDFE-497F-81D1-B875398A2605}.Release|Any CPU.ActiveCfg = Release|Any CPU
		{C7D66774-CDFE-497F-81D1-B875398A2605}.Release|Any CPU.Build.0 = Release|Any CPU
		{A1DEEAF4-7757-4701-B465-612AF65EB7BF}.Debug|Any CPU.ActiveCfg = Debug|Any CPU
		{A1DEEAF4-7757-4701-B465-612AF65EB7BF}.Debug|Any CPU.Build.0 = Debug|Any CPU
		{A1DEEAF4-7757-4701-B465-612AF65EB7BF}.Release|Any CPU.ActiveCfg = Release|Any CPU
		{A1DEEAF4-7757-4701-B465-612AF65EB7BF}.Release|Any CPU.Build.0 = Release|Any CPU
		{25731645-01EE-4C12-A0C7-7DA93728D93E}.Debug|Any CPU.ActiveCfg = Debug|Any CPU
		{25731645-01EE-4C12-A0C7-7DA93728D93E}.Debug|Any CPU.Build.0 = Debug|Any CPU
		{25731645-01EE-4C12-A0C7-7DA93728D93E}.Release|Any CPU.ActiveCfg = Release|Any CPU
		{25731645-01EE-4C12-A0C7-7DA93728D93E}.Release|Any CPU.Build.0 = Release|Any CPU
	EndGlobalSection
	GlobalSection(SolutionProperties) = preSolution
		HideSolutionNode = FALSE
	EndGlobalSection
	GlobalSection(MonoDevelopProperties) = preSolution
		StartupItem = GebatCAD\GebatCAD.csproj
	EndGlobalSection
EndGlobal
