
Microsoft Visual Studio Solution File, Format Version 12.00
# Visual Studio 2012
Project("{FAE04EC0-301F-11D3-BF4B-00C04F79EFBC}") = "SqlManager", "SqlManager\SqlManager.csproj", "{269E7C8B-AB29-4D57-8EF5-78AA6041B71D}"
EndProject
Project("{FAE04EC0-301F-11D3-BF4B-00C04F79EFBC}") = "GebatCAD", "GebatCAD\GebatCAD.csproj", "{F9CF59BE-07EC-41E9-90B6-11A03F2F6E10}"
EndProject
Project("{FAE04EC0-301F-11D3-BF4B-00C04F79EFBC}") = "CADUnitTestProject", "CADUnitTestProject\CADUnitTestProject.csproj", "{6CB4EB2A-5355-4BEE-9DEA-4B8E154ED4A4}"
EndProject
Project("{FAE04EC0-301F-11D3-BF4B-00C04F79EFBC}") = "GebatEN", "GebatEN\GebatEN.csproj", "{017DA2FB-2F1F-4037-A234-F2AC68267DEC}"
EndProject
Project("{FAE04EC0-301F-11D3-BF4B-00C04F79EFBC}") = "ENUnitTestProject", "ENUnitTestProject\ENUnitTestProject.csproj", "{AB2ED90C-1130-41FB-BF66-999B29C74810}"
EndProject
Project("{FAE04EC0-301F-11D3-BF4B-00C04F79EFBC}") = "GebatWin", "GebatWin\GebatWin.csproj", "{C1835789-9435-45FE-B79F-80C54415D6B7}"
EndProject
Project("{FAE04EC0-301F-11D3-BF4B-00C04F79EFBC}") = "GebatWindowComponents", "WindowComponents\GebatWindowComponents.csproj", "{5410EC23-112F-4D26-895E-8C7DCD70DA1B}"
EndProject
Global
	GlobalSection(SolutionConfigurationPlatforms) = preSolution
		Debug|Any CPU = Debug|Any CPU
		Release|Any CPU = Release|Any CPU
	EndGlobalSection
	GlobalSection(ProjectConfigurationPlatforms) = postSolution
		{269E7C8B-AB29-4D57-8EF5-78AA6041B71D}.Debug|Any CPU.ActiveCfg = Debug|Any CPU
		{269E7C8B-AB29-4D57-8EF5-78AA6041B71D}.Debug|Any CPU.Build.0 = Debug|Any CPU
		{269E7C8B-AB29-4D57-8EF5-78AA6041B71D}.Release|Any CPU.ActiveCfg = Release|Any CPU
		{269E7C8B-AB29-4D57-8EF5-78AA6041B71D}.Release|Any CPU.Build.0 = Release|Any CPU
		{F9CF59BE-07EC-41E9-90B6-11A03F2F6E10}.Debug|Any CPU.ActiveCfg = Debug|Any CPU
		{F9CF59BE-07EC-41E9-90B6-11A03F2F6E10}.Debug|Any CPU.Build.0 = Debug|Any CPU
		{F9CF59BE-07EC-41E9-90B6-11A03F2F6E10}.Release|Any CPU.ActiveCfg = Release|Any CPU
		{F9CF59BE-07EC-41E9-90B6-11A03F2F6E10}.Release|Any CPU.Build.0 = Release|Any CPU
		{6CB4EB2A-5355-4BEE-9DEA-4B8E154ED4A4}.Debug|Any CPU.ActiveCfg = Debug|Any CPU
		{6CB4EB2A-5355-4BEE-9DEA-4B8E154ED4A4}.Debug|Any CPU.Build.0 = Debug|Any CPU
		{6CB4EB2A-5355-4BEE-9DEA-4B8E154ED4A4}.Release|Any CPU.ActiveCfg = Release|Any CPU
		{6CB4EB2A-5355-4BEE-9DEA-4B8E154ED4A4}.Release|Any CPU.Build.0 = Release|Any CPU
		{017DA2FB-2F1F-4037-A234-F2AC68267DEC}.Debug|Any CPU.ActiveCfg = Debug|Any CPU
		{017DA2FB-2F1F-4037-A234-F2AC68267DEC}.Debug|Any CPU.Build.0 = Debug|Any CPU
		{017DA2FB-2F1F-4037-A234-F2AC68267DEC}.Release|Any CPU.ActiveCfg = Release|Any CPU
		{017DA2FB-2F1F-4037-A234-F2AC68267DEC}.Release|Any CPU.Build.0 = Release|Any CPU
		{AB2ED90C-1130-41FB-BF66-999B29C74810}.Debug|Any CPU.ActiveCfg = Debug|Any CPU
		{AB2ED90C-1130-41FB-BF66-999B29C74810}.Debug|Any CPU.Build.0 = Debug|Any CPU
		{AB2ED90C-1130-41FB-BF66-999B29C74810}.Release|Any CPU.ActiveCfg = Release|Any CPU
		{AB2ED90C-1130-41FB-BF66-999B29C74810}.Release|Any CPU.Build.0 = Release|Any CPU
		{C1835789-9435-45FE-B79F-80C54415D6B7}.Debug|Any CPU.ActiveCfg = Debug|Any CPU
		{C1835789-9435-45FE-B79F-80C54415D6B7}.Debug|Any CPU.Build.0 = Debug|Any CPU
		{C1835789-9435-45FE-B79F-80C54415D6B7}.Release|Any CPU.ActiveCfg = Release|Any CPU
		{C1835789-9435-45FE-B79F-80C54415D6B7}.Release|Any CPU.Build.0 = Release|Any CPU
		{5410EC23-112F-4D26-895E-8C7DCD70DA1B}.Debug|Any CPU.ActiveCfg = Debug|Any CPU
		{5410EC23-112F-4D26-895E-8C7DCD70DA1B}.Debug|Any CPU.Build.0 = Debug|Any CPU
		{5410EC23-112F-4D26-895E-8C7DCD70DA1B}.Release|Any CPU.ActiveCfg = Release|Any CPU
		{5410EC23-112F-4D26-895E-8C7DCD70DA1B}.Release|Any CPU.Build.0 = Release|Any CPU
	EndGlobalSection
	GlobalSection(SolutionProperties) = preSolution
		HideSolutionNode = FALSE
	EndGlobalSection
	GlobalSection(MonoDevelopProperties) = preSolution
		StartupItem = GebatCAD\GebatCAD.csproj
	EndGlobalSection
EndGlobal
